		AAA /* list on one line */ = {
			buildSettings = {
				FRAMEWORK_SEARCH_PATHS = ("$(inherited)", "$(SRCROOT)/Existing");
				OTHER_LDFLAGS = ("$(inherited)", "-ObjC");
			};
		};
		BBB /* settings absent */ = {
			buildSettings = {
				ALWAYS_SEARCH_USER_PATHS = NO;
			};
		};
		CCC /* bare scalar */ = {
			buildSettings = {
				OTHER_LDFLAGS = "-ObjC";
			};
		};
		DDD /* list across lines */ = {
			buildSettings = {
				FRAMEWORK_SEARCH_PATHS = (
					"$(inherited)",
					"$(PROJECT_DIR)/Frameworks",
				);
			};
		};
